
Microsoft Visual Studio Solution File, Format Version 12.00
# Visual Studio Version 16
VisualStudioVersion = 16.0.31402.337
MinimumVisualStudioVersion = 10.0.40219.1
Project("{FAE04EC0-301F-11D3-BF4B-00C04F79EFBC}") = "EindopdrachtDatabases2", "EindopdrachtDatabases2\EindopdrachtDatabases2.csproj", "{15FF79A4-1F50-4315-A66A-8EAAE459132C}"
EndProject
Global
	GlobalSection(SolutionConfigurationPlatforms) = preSolution
		Debug|Any CPU = Debug|Any CPU
		Release|Any CPU = Release|Any CPU
	EndGlobalSection
	GlobalSection(ProjectConfigurationPlatforms) = postSolution
		{15FF79A4-1F50-4315-A66A-8EAAE459132C}.Debug|Any CPU.ActiveCfg = Debug|Any CPU
		{15FF79A4-1F50-4315-A66A-8EAAE459132C}.Debug|Any CPU.Build.0 = Debug|Any CPU
		{15FF79A4-1F50-4315-A66A-8EAAE459132C}.Release|Any CPU.ActiveCfg = Release|Any CPU
		{15FF79A4-1F50-4315-A66A-8EAAE459132C}.Release|Any CPU.Build.0 = Release|Any CPU
	EndGlobalSection
	GlobalSection(SolutionProperties) = preSolution
		HideSolutionNode = FALSE
	EndGlobalSection
	GlobalSection(ExtensibilityGlobals) = postSolution
		SolutionGuid = {DF4C0678-D306-4DFD-9043-9D6236C51311}
	EndGlobalSection
EndGlobal
